// !$*UTF8*$!
{
	archiveVersion = 1;
	classes = {
	};
	objectVersion = 46;
	objects = {

/* Begin PBXBuildFile section */
		7F1675601ABC369D000B640B /* AppDelegate.swift in Sources */ = {isa = PBXBuildFile; fileRef = 7F16755F1ABC369D000B640B /* AppDelegate.swift */; };
		7F1675621ABC369D000B640B /* ViewController.swift in Sources */ = {isa = PBXBuildFile; fileRef = 7F1675611ABC369D000B640B /* ViewController.swift */; };
		7F1675651ABC369D000B640B /* Main.storyboard in Resources */ = {isa = PBXBuildFile; fileRef = 7F1675631ABC369D000B640B /* Main.storyboard */; };
		7F1675671ABC369D000B640B /* Images.xcassets in Resources */ = {isa = PBXBuildFile; fileRef = 7F1675661ABC369D000B640B /* Images.xcassets */; };
		7F16756A1ABC369D000B640B /* LaunchScreen.xib in Resources */ = {isa = PBXBuildFile; fileRef = 7F1675681ABC369D000B640B /* LaunchScreen.xib */; };
		7F1675761ABC369D000B640B /* ___Tests.swift in Sources */ = {isa = PBXBuildFile; fileRef = 7F1675751ABC369D000B640B /* ___Tests.swift */; };
		7F1675801ABC3FFB000B640B /* lovekuuma.png in Resources */ = {isa = PBXBuildFile; fileRef = 7F16757F1ABC3FFB000B640B /* lovekuuma.png */; };
/* End PBXBuildFile section */

/* Begin PBXContainerItemProxy section */
		7F1675701ABC369D000B640B /* PBXContainerItemProxy */ = {
			isa = PBXContainerItemProxy;
			containerPortal = 7F1675521ABC369D000B640B /* Project object */;
			proxyType = 1;
			remoteGlobalIDString = 7F1675591ABC369D000B640B;
			remoteInfo = "庭圭佑";
		};
/* End PBXContainerItemProxy section */

/* Begin PBXFileReference section */
		7F16755A1ABC369D000B640B /* 庭圭佑.app */ = {isa = PBXFileReference; explicitFileType = wrapper.application; includeInIndex = 0; path = "庭圭佑.app"; sourceTree = BUILT_PRODUCTS_DIR; };
		7F16755E1ABC369D000B640B /* Info.plist */ = {isa = PBXFileReference; lastKnownFileType = text.plist.xml; path = Info.plist; sourceTree = "<group>"; };
		7F16755F1ABC369D000B640B /* AppDelegate.swift */ = {isa = PBXFileReference; lastKnownFileType = sourcecode.swift; path = AppDelegate.swift; sourceTree = "<group>"; };
		7F1675611ABC369D000B640B /* ViewController.swift */ = {isa = PBXFileReference; lastKnownFileType = sourcecode.swift; path = ViewController.swift; sourceTree = "<group>"; };
		7F1675641ABC369D000B640B /* Base */ = {isa = PBXFileReference; lastKnownFileType = file.storyboard; name = Base; path = Base.lproj/Main.storyboard; sourceTree = "<group>"; };
		7F1675661ABC369D000B640B /* Images.xcassets */ = {isa = PBXFileReference; lastKnownFileType = folder.assetcatalog; path = Images.xcassets; sourceTree = "<group>"; };
		7F1675691ABC369D000B640B /* Base */ = {isa = PBXFileReference; lastKnownFileType = file.xib; name = Base; path = Base.lproj/LaunchScreen.xib; sourceTree = "<group>"; };
		7F16756F1ABC369D000B640B /* 庭圭佑Tests.xctest */ = {isa = PBXFileReference; explicitFileType = wrapper.cfbundle; includeInIndex = 0; path = "庭圭佑Tests.xctest"; sourceTree = BUILT_PRODUCTS_DIR; };
		7F1675741ABC369D000B640B /* Info.plist */ = {isa = PBXFileReference; lastKnownFileType = text.plist.xml; path = Info.plist; sourceTree = "<group>"; };
		7F1675751ABC369D000B640B /* ___Tests.swift */ = {isa = PBXFileReference; lastKnownFileType = sourcecode.swift; path = "___Tests.swift"; sourceTree = "<group>"; };
		7F16757F1ABC3FFB000B640B /* lovekuuma.png */ = {isa = PBXFileReference; lastKnownFileType = image.png; path = lovekuuma.png; sourceTree = "<group>"; };
/* End PBXFileReference section */

/* Begin PBXFrameworksBuildPhase section */
		7F1675571ABC369D000B640B /* Frameworks */ = {
			isa = PBXFrameworksBuildPhase;
			buildActionMask = 2147483647;
			files = (
			);
			runOnlyForDeploymentPostprocessing = 0;
		};
		7F16756C1ABC369D000B640B /* Frameworks */ = {
			isa = PBXFrameworksBuildPhase;
			buildActionMask = 2147483647;
			files = (
			);
			runOnlyForDeploymentPostprocessing = 0;
		};
/* End PBXFrameworksBuildPhase section */

/* Begin PBXGroup section */
		7F1675511ABC369D000B640B = {
			isa = PBXGroup;
			children = (
				7F16755C1ABC369D000B640B /* 庭圭佑 */,
				7F1675721ABC369D000B640B /* 庭圭佑Tests */,
				7F16755B1ABC369D000B640B /* Products */,
			);
			sourceTree = "<group>";
		};
		7F16755B1ABC369D000B640B /* Products */ = {
			isa = PBXGroup;
			children = (
				7F16755A1ABC369D000B640B /* 庭圭佑.app */,
				7F16756F1ABC369D000B640B /* 庭圭佑Tests.xctest */,
			);
			name = Products;
			sourceTree = "<group>";
		};
		7F16755C1ABC369D000B640B /* 庭圭佑 */ = {
			isa = PBXGroup;
			children = (
				7F16755F1ABC369D000B640B /* AppDelegate.swift */,
				7F1675611ABC369D000B640B /* ViewController.swift */,
				7F1675631ABC369D000B640B /* Main.storyboard */,
				7F1675661ABC369D000B640B /* Images.xcassets */,
				7F1675681ABC369D000B640B /* LaunchScreen.xib */,
				7F16755D1ABC369D000B640B /* Supporting Files */,
			);
			path = "庭圭佑";
			sourceTree = "<group>";
		};
		7F16755D1ABC369D000B640B /* Supporting Files */ = {
			isa = PBXGroup;
			children = (
				7F16757F1ABC3FFB000B640B /* lovekuuma.png */,
				7F16755E1ABC369D000B640B /* Info.plist */,
			);
			name = "Supporting Files";
			sourceTree = "<group>";
		};
		7F1675721ABC369D000B640B /* 庭圭佑Tests */ = {
			isa = PBXGroup;
			children = (
				7F1675751ABC369D000B640B /* ___Tests.swift */,
				7F1675731ABC369D000B640B /* Supporting Files */,
			);
			path = "庭圭佑Tests";
			sourceTree = "<group>";
		};
		7F1675731ABC369D000B640B /* Supporting Files */ = {
			isa = PBXGroup;
			children = (
				7F1675741ABC369D000B640B /* Info.plist */,
			);
			name = "Supporting Files";
			sourceTree = "<group>";
		};
/* End PBXGroup section */

/* Begin PBXNativeTarget section */
		7F1675591ABC369D000B640B /* 庭圭佑 */ = {
			isa = PBXNativeTarget;
			buildConfigurationList = 7F1675791ABC369D000B640B /* Build configuration list for PBXNativeTarget "庭圭佑" */;
			buildPhases = (
				7F1675561ABC369D000B640B /* Sources */,
				7F1675571ABC369D000B640B /* Frameworks */,
				7F1675581ABC369D000B640B /* Resources */,
			);
			buildRules = (
			);
			dependencies = (
			);
			name = "庭圭佑";
			productName = "庭圭佑";
			productReference = 7F16755A1ABC369D000B640B /* 庭圭佑.app */;
			productType = "com.apple.product-type.application";
		};
		7F16756E1ABC369D000B640B /* 庭圭佑Tests */ = {
			isa = PBXNativeTarget;
			buildConfigurationList = 7F16757C1ABC369D000B640B /* Build configuration list for PBXNativeTarget "庭圭佑Tests" */;
			buildPhases = (
				7F16756B1ABC369D000B640B /* Sources */,
				7F16756C1ABC369D000B640B /* Frameworks */,
				7F16756D1ABC369D000B640B /* Resources */,
			);
			buildRules = (
			);
			dependencies = (
				7F1675711ABC369D000B640B /* PBXTargetDependency */,
			);
			name = "庭圭佑Tests";
			productName = "庭圭佑Tests";
			productReference = 7F16756F1ABC369D000B640B /* 庭圭佑Tests.xctest */;
			productType = "com.apple.product-type.bundle.unit-test";
		};
/* End PBXNativeTarget section */

/* Begin PBXProject section */
		7F1675521ABC369D000B640B /* Project object */ = {
			isa = PBXProject;
			attributes = {
				LastSwiftUpdateCheck = 0730;
				LastUpgradeCheck = 0620;
				ORGANIZATIONNAME = "あやの";
				TargetAttributes = {
					7F1675591ABC369D000B640B = {
						CreatedOnToolsVersion = 6.2;
					};
					7F16756E1ABC369D000B640B = {
						CreatedOnToolsVersion = 6.2;
						TestTargetID = 7F1675591ABC369D000B640B;
					};
				};
			};
			buildConfigurationList = 7F1675551ABC369D000B640B /* Build configuration list for PBXProject "庭圭佑" */;
			compatibilityVersion = "Xcode 3.2";
			developmentRegion = English;
			hasScannedForEncodings = 0;
			knownRegions = (
				en,
				Base,
			);
			mainGroup = 7F1675511ABC369D000B640B;
			productRefGroup = 7F16755B1ABC369D000B640B /* Products */;
			projectDirPath = "";
			projectRoot = "";
			targets = (
				7F1675591ABC369D000B640B /* 庭圭佑 */,
				7F16756E1ABC369D000B640B /* 庭圭佑Tests */,
			);
		};
/* End PBXProject section */

/* Begin PBXResourcesBuildPhase section */
		7F1675581ABC369D000B640B /* Resources */ = {
			isa = PBXResourcesBuildPhase;
			buildActionMask = 2147483647;
			files = (
				7F1675651ABC369D000B640B /* Main.storyboard in Resources */,
				7F1675801ABC3FFB000B640B /* lovekuuma.png in Resources */,
				7F16756A1ABC369D000B640B /* LaunchScreen.xib in Resources */,
				7F1675671ABC369D000B640B /* Images.xcassets in Resources */,
			);
			runOnlyForDeploymentPostprocessing = 0;
		};
		7F16756D1ABC369D000B640B /* Resources */ = {
			isa = PBXResourcesBuildPhase;
			buildActionMask = 2147483647;
			files = (
			);
			runOnlyForDeploymentPostprocessing = 0;
		};
/* End PBXResourcesBuildPhase section */

/* Begin PBXSourcesBuildPhase section */
		7F1675561ABC369D000B640B /* Sources */ = {
			isa = PBXSourcesBuildPhase;
			buildActionMask = 2147483647;
			files = (
				7F1675621ABC369D000B640B /* ViewController.swift in Sources */,
				7F1675601ABC369D000B640B /* AppDelegate.swift in Sources */,
			);
			runOnlyForDeploymentPostprocessing = 0;
		};
		7F16756B1ABC369D000B640B /* Sources */ = {
			isa = PBXSourcesBuildPhase;
			buildActionMask = 2147483647;
			files = (
				7F1675761ABC369D000B640B /* ___Tests.swift in Sources */,
			);
			runOnlyForDeploymentPostprocessing = 0;
		};
/* End PBXSourcesBuildPhase section */

/* Begin PBXTargetDependency section */
		7F1675711ABC369D000B640B /* PBXTargetDependency */ = {
			isa = PBXTargetDependency;
			target = 7F1675591ABC369D000B640B /* 庭圭佑 */;
			targetProxy = 7F1675701ABC369D000B640B /* PBXContainerItemProxy */;
		};
/* End PBXTargetDependency section */

/* Begin PBXVariantGroup section */
		7F1675631ABC369D000B640B /* Main.storyboard */ = {
			isa = PBXVariantGroup;
			children = (
				7F1675641ABC369D000B640B /* Base */,
			);
			name = Main.storyboard;
			sourceTree = "<group>";
		};
		7F1675681ABC369D000B640B /* LaunchScreen.xib */ = {
			isa = PBXVariantGroup;
			children = (
				7F1675691ABC369D000B640B /* Base */,
			);
			name = LaunchScreen.xib;
			sourceTree = "<group>";
		};
/* End PBXVariantGroup section */

/* Begin XCBuildConfiguration section */
		7F1675771ABC369D000B640B /* Debug */ = {
			isa = XCBuildConfiguration;
			buildSettings = {
				ALWAYS_SEARCH_USER_PATHS = NO;
				CLANG_CXX_LANGUAGE_STANDARD = "gnu++0x";
				CLANG_CXX_LIBRARY = "libc++";
				CLANG_ENABLE_MODULES = YES;
				CLANG_ENABLE_OBJC_ARC = YES;
				CLANG_WARN_BOOL_CONVERSION = YES;
				CLANG_WARN_CONSTANT_CONVERSION = YES;
				CLANG_WARN_DIRECT_OBJC_ISA_USAGE = YES_ERROR;
				CLANG_WARN_EMPTY_BODY = YES;
				CLANG_WARN_ENUM_CONVERSION = YES;
				CLANG_WARN_INT_CONVERSION = YES;
				CLANG_WARN_OBJC_ROOT_CLASS = YES_ERROR;
				CLANG_WARN_UNREACHABLE_CODE = YES;
				CLANG_WARN__DUPLICATE_METHOD_MATCH = YES;
				"CODE_SIGN_IDENTITY[sdk=iphoneos*]" = "iPhone Developer";
				COPY_PHASE_STRIP = NO;
				ENABLE_STRICT_OBJC_MSGSEND = YES;
				GCC_C_LANGUAGE_STANDARD = gnu99;
				GCC_DYNAMIC_NO_PIC = NO;
				GCC_OPTIMIZATION_LEVEL = 0;
				GCC_PREPROCESSOR_DEFINITIONS = (
					"DEBUG=1",
					"$(inherited)",
				);
				GCC_SYMBOLS_PRIVATE_EXTERN = NO;
				GCC_WARN_64_TO_32_BIT_CONVERSION = YES;
				GCC_WARN_ABOUT_RETURN_TYPE = YES_ERROR;
				GCC_WARN_UNDECLARED_SELECTOR = YES;
				GCC_WARN_UNINITIALIZED_AUTOS = YES_AGGRESSIVE;
				GCC_WARN_UNUSED_FUNCTION = YES;
				GCC_WARN_UNUSED_VARIABLE = YES;
				IPHONEOS_DEPLOYMENT_TARGET = 8.2;
				MTL_ENABLE_DEBUG_INFO = YES;
				ONLY_ACTIVE_ARCH = YES;
				SDKROOT = iphoneos;
				SWIFT_OPTIMIZATION_LEVEL = "-Onone";
			};
			name = Debug;
		};
		7F1675781ABC369D000B640B /* Release */ = {
			isa = XCBuildConfiguration;
			buildSettings = {
				ALWAYS_SEARCH_USER_PATHS = NO;
				CLANG_CXX_LANGUAGE_STANDARD = "gnu++0x";
				CLANG_CXX_LIBRARY = "libc++";
				CLANG_ENABLE_MODULES = YES;
				CLANG_ENABLE_OBJC_ARC = YES;
				CLANG_WARN_BOOL_CONVERSION = YES;
				CLANG_WARN_CONSTANT_CONVERSION = YES;
				CLANG_WARN_DIRECT_OBJC_ISA_USAGE = YES_ERROR;
				CLANG_WARN_EMPTY_BODY = YES;
				CLANG_WARN_ENUM_CONVERSION = YES;
				CLANG_WARN_INT_CONVERSION = YES;
				CLANG_WARN_OBJC_ROOT_CLASS = YES_ERROR;
				CLANG_WARN_UNREACHABLE_CODE = YES;
				CLANG_WARN__DUPLICATE_METHOD_MATCH = YES;
				"CODE_SIGN_IDENTITY[sdk=iphoneos*]" = "iPhone Developer";
				COPY_PHASE_STRIP = NO;
				ENABLE_NS_ASSERTIONS = NO;
				ENABLE_STRICT_OBJC_MSGSEND = YES;
				GCC_C_LANGUAGE_STANDARD = gnu99;
				GCC_WARN_64_TO_32_BIT_CONVERSION = YES;
				GCC_WARN_ABOUT_RETURN_TYPE = YES_ERROR;
				GCC_WARN_UNDECLARED_SELECTOR = YES;
				GCC_WARN_UNINITIALIZED_AUTOS = YES_AGGRESSIVE;
				GCC_WARN_UNUSED_FUNCTION = YES;
				GCC_WARN_UNUSED_VARIABLE = YES;
				IPHONEOS_DEPLOYMENT_TARGET = 8.2;
				MTL_ENABLE_DEBUG_INFO = NO;
				SDKROOT = iphoneos;
				VALIDATE_PRODUCT = YES;
			};
			name = Release;
		};
		7F16757A1ABC369D000B640B /* Debug */ = {
			isa = XCBuildConfiguration;
			buildSettings = {
				ASSETCATALOG_COMPILER_APPICON_NAME = AppIcon;
				INFOPLIST_FILE = "庭圭佑/Info.plist";
				LD_RUNPATH_SEARCH_PATHS = "$(inherited) @executable_path/Frameworks";
				PRODUCT_NAME = "$(TARGET_NAME)";
			};
			name = Debug;
		};
		7F16757B1ABC369D000B640B /* Release */ = {
			isa = XCBuildConfiguration;
			buildSettings = {
				ASSETCATALOG_COMPILER_APPICON_NAME = AppIcon;
				INFOPLIST_FILE = "庭圭佑/Info.plist";
				LD_RUNPATH_SEARCH_PATHS = "$(inherited) @executable_path/Frameworks";
				PRODUCT_NAME = "$(TARGET_NAME)";
			};
			name = Release;
		};
		7F16757D1ABC369D000B640B /* Debug */ = {
			isa = XCBuildConfiguration;
			buildSettings = {
				BUNDLE_LOADER = "$(TEST_HOST)";
				FRAMEWORK_SEARCH_PATHS = (
					"$(SDKROOT)/Developer/Library/Frameworks",
					"$(inherited)",
				);
				GCC_PREPROCESSOR_DEFINITIONS = (
					"DEBUG=1",
					"$(inherited)",
				);
				INFOPLIST_FILE = "庭圭佑Tests/Info.plist";
				LD_RUNPATH_SEARCH_PATHS = "$(inherited) @executable_path/Frameworks @loader_path/Frameworks";
				PRODUCT_NAME = "$(TARGET_NAME)";
				TEST_HOST = "$(BUILT_PRODUCTS_DIR)/庭圭佑.app/庭圭佑";
			};
			name = Debug;
		};
		7F16757E1ABC369D000B640B /* Release */ = {
			isa = XCBuildConfiguration;
			buildSettings = {
				BUNDLE_LOADER = "$(TEST_HOST)";
				FRAMEWORK_SEARCH_PATHS = (
					"$(SDKROOT)/Developer/Library/Frameworks",
					"$(inherited)",
				);
				INFOPLIST_FILE = "庭圭佑Tests/Info.plist";
				LD_RUNPATH_SEARCH_PATHS = "$(inherited) @executable_path/Frameworks @loader_path/Frameworks";
				PRODUCT_NAME = "$(TARGET_NAME)";
				TEST_HOST = "$(BUILT_PRODUCTS_DIR)/庭圭佑.app/庭圭佑";
			};
			name = Release;
		};
/* End XCBuildConfiguration section */

/* Begin XCConfigurationList section */
		7F1675551ABC369D000B640B /* Build configuration list for PBXProject "庭圭佑" */ = {
			isa = XCConfigurationList;
			buildConfigurations = (
				7F1675771ABC369D000B640B /* Debug */,
				7F1675781ABC369D000B640B /* Release */,
			);
			defaultConfigurationIsVisible = 0;
			defaultConfigurationName = Release;
		};
		7F1675791ABC369D000B640B /* Build configuration list for PBXNativeTarget "庭圭佑" */ = {
			isa = XCConfigurationList;
			buildConfigurations = (
				7F16757A1ABC369D000B640B /* Debug */,
				7F16757B1ABC369D000B640B /* Release */,
			);
			defaultConfigurationIsVisible = 0;
			defaultConfigurationName = Release;
		};
		7F16757C1ABC369D000B640B /* Build configuration list for PBXNativeTarget "庭圭佑Tests" */ = {
			isa = XCConfigurationList;
			buildConfigurations = (
				7F16757D1ABC369D000B640B /* Debug */,
				7F16757E1ABC369D000B640B /* Release */,
			);
			defaultConfigurationIsVisible = 0;
			defaultConfigurationName = Release;
		};
/* End XCConfigurationList section */
	};
	rootObject = 7F1675521ABC369D000B640B /* Project object */;
}
